
Microsoft Visual Studio Solution File, Format Version 12.00
# Visual Studio 2013
VisualStudioVersion = 12.0.31101.0
MinimumVisualStudioVersion = 10.0.40219.1
Project("{FAE04EC0-301F-11D3-BF4B-00C04F79EFBC}") = "SwipeBox.DAL", "SwipeBox.DAL\SwipeBox.DAL.csproj", "{46BDA1F3-D329-4E99-B22F-E6AD4385BB18}"
EndProject
Project("{2150E333-8FDC-42A3-9474-1A3956D46DE8}") = "Swipebox.App", "Swipebox.App", "{D6AAD9EB-5A03-412D-9F86-C303CF964D1D}"
EndProject
Project("{2150E333-8FDC-42A3-9474-1A3956D46DE8}") = "SwipeBox.DAL", "SwipeBox.DAL", "{0F08220C-8902-4C69-BC91-C265283C1E45}"
EndProject
Project("{FAE04EC0-301F-11D3-BF4B-00C04F79EFBC}") = "SwipeBox.DAL.Test", "SwipeBox.DAL.Test\SwipeBox.DAL.Test.csproj", "{4C4FBF25-0DDB-4340-9C0A-D0BBD9A0FADE}"
EndProject
Project("{2150E333-8FDC-42A3-9474-1A3956D46DE8}") = "SwipeBox.Tests", "SwipeBox.Tests", "{E3322ECE-4280-4915-8E92-B88D8A7F0971}"
EndProject
Project("{2150E333-8FDC-42A3-9474-1A3956D46DE8}") = "SwipeBox.Shared", "SwipeBox.Shared", "{A7736850-1F29-4771-87D0-29B34C691A46}"
EndProject
Project("{FAE04EC0-301F-11D3-BF4B-00C04F79EFBC}") = "SwipeBox.Shared", "SwipeBox.Shared\SwipeBox.Shared.csproj", "{89DD8995-D7A3-480E-8013-6701138AAA55}"
EndProject
Project("{2150E333-8FDC-42A3-9474-1A3956D46DE8}") = "SwipeBox.View", "SwipeBox.View", "{74C87042-7E94-4AB7-8DB7-89A0E9C92F02}"
EndProject
Project("{FAE04EC0-301F-11D3-BF4B-00C04F79EFBC}") = "SwipeBox.App", "SwipeBox.App\SwipeBox.App.csproj", "{78F592FB-6606-4DAD-919A-5046B1366224}"
EndProject
Project("{2150E333-8FDC-42A3-9474-1A3956D46DE8}") = "SwipeBox.Presentation", "SwipeBox.Presentation", "{37B90397-0D14-41FD-AA74-78CC19E35F02}"
EndProject
Project("{FAE04EC0-301F-11D3-BF4B-00C04F79EFBC}") = "SwipeBox.View", "SwipeBox.View\SwipeBox.View.csproj", "{A869550B-ECF8-45CC-8A11-26B464580F6F}"
EndProject
Project("{FAE04EC0-301F-11D3-BF4B-00C04F79EFBC}") = "SwipeBox.Presentation", "SwipeBox.Presentation\SwipeBox.Presentation.csproj", "{E16191F8-741A-4A9D-AF34-DA54F1200430}"
EndProject
Project("{2150E333-8FDC-42A3-9474-1A3956D46DE8}") = "SwipeBox.Services", "SwipeBox.Services", "{FABD450F-E786-47A2-9FCE-133E31B119E0}"
EndProject
Project("{FAE04EC0-301F-11D3-BF4B-00C04F79EFBC}") = "SwipeBox.Services", "SwipeBox.Services\SwipeBox.Services.csproj", "{A2814A27-53C9-41D2-B472-E6BDCAF0C66B}"
EndProject
Project("{FAE04EC0-301F-11D3-BF4B-00C04F79EFBC}") = "SwipeBox.Services.TestHarness", "SwipeBox.Services.TestHarness\SwipeBox.Services.TestHarness.csproj", "{B274BFD8-D804-4AC6-AB7E-1D72A139EC57}"
	ProjectSection(ProjectDependencies) = postProject
		{A2814A27-53C9-41D2-B472-E6BDCAF0C66B} = {A2814A27-53C9-41D2-B472-E6BDCAF0C66B}
	EndProjectSection
EndProject
Global
	GlobalSection(SolutionConfigurationPlatforms) = preSolution
		Debug|Any CPU = Debug|Any CPU
		Release|Any CPU = Release|Any CPU
	EndGlobalSection
	GlobalSection(ProjectConfigurationPlatforms) = postSolution
		{46BDA1F3-D329-4E99-B22F-E6AD4385BB18}.Debug|Any CPU.ActiveCfg = Debug|Any CPU
		{46BDA1F3-D329-4E99-B22F-E6AD4385BB18}.Debug|Any CPU.Build.0 = Debug|Any CPU
		{46BDA1F3-D329-4E99-B22F-E6AD4385BB18}.Release|Any CPU.ActiveCfg = Release|Any CPU
		{46BDA1F3-D329-4E99-B22F-E6AD4385BB18}.Release|Any CPU.Build.0 = Release|Any CPU
		{4C4FBF25-0DDB-4340-9C0A-D0BBD9A0FADE}.Debug|Any CPU.ActiveCfg = Debug|Any CPU
		{4C4FBF25-0DDB-4340-9C0A-D0BBD9A0FADE}.Debug|Any CPU.Build.0 = Debug|Any CPU
		{4C4FBF25-0DDB-4340-9C0A-D0BBD9A0FADE}.Release|Any CPU.ActiveCfg = Release|Any CPU
		{4C4FBF25-0DDB-4340-9C0A-D0BBD9A0FADE}.Release|Any CPU.Build.0 = Release|Any CPU
		{89DD8995-D7A3-480E-8013-6701138AAA55}.Debug|Any CPU.ActiveCfg = Debug|Any CPU
		{89DD8995-D7A3-480E-8013-6701138AAA55}.Debug|Any CPU.Build.0 = Debug|Any CPU
		{89DD8995-D7A3-480E-8013-6701138AAA55}.Release|Any CPU.ActiveCfg = Release|Any CPU
		{89DD8995-D7A3-480E-8013-6701138AAA55}.Release|Any CPU.Build.0 = Release|Any CPU
		{78F592FB-6606-4DAD-919A-5046B1366224}.Debug|Any CPU.ActiveCfg = Debug|Any CPU
		{78F592FB-6606-4DAD-919A-5046B1366224}.Debug|Any CPU.Build.0 = Debug|Any CPU
		{78F592FB-6606-4DAD-919A-5046B1366224}.Release|Any CPU.ActiveCfg = Release|Any CPU
		{78F592FB-6606-4DAD-919A-5046B1366224}.Release|Any CPU.Build.0 = Release|Any CPU
		{A869550B-ECF8-45CC-8A11-26B464580F6F}.Debug|Any CPU.ActiveCfg = Debug|Any CPU
		{A869550B-ECF8-45CC-8A11-26B464580F6F}.Debug|Any CPU.Build.0 = Debug|Any CPU
		{A869550B-ECF8-45CC-8A11-26B464580F6F}.Release|Any CPU.ActiveCfg = Release|Any CPU
		{A869550B-ECF8-45CC-8A11-26B464580F6F}.Release|Any CPU.Build.0 = Release|Any CPU
		{E16191F8-741A-4A9D-AF34-DA54F1200430}.Debug|Any CPU.ActiveCfg = Debug|Any CPU
		{E16191F8-741A-4A9D-AF34-DA54F1200430}.Debug|Any CPU.Build.0 = Debug|Any CPU
		{E16191F8-741A-4A9D-AF34-DA54F1200430}.Release|Any CPU.ActiveCfg = Release|Any CPU
		{E16191F8-741A-4A9D-AF34-DA54F1200430}.Release|Any CPU.Build.0 = Release|Any CPU
		{A2814A27-53C9-41D2-B472-E6BDCAF0C66B}.Debug|Any CPU.ActiveCfg = Debug|Any CPU
		{A2814A27-53C9-41D2-B472-E6BDCAF0C66B}.Debug|Any CPU.Build.0 = Debug|Any CPU
		{A2814A27-53C9-41D2-B472-E6BDCAF0C66B}.Release|Any CPU.ActiveCfg = Release|Any CPU
		{A2814A27-53C9-41D2-B472-E6BDCAF0C66B}.Release|Any CPU.Build.0 = Release|Any CPU
		{B274BFD8-D804-4AC6-AB7E-1D72A139EC57}.Debug|Any CPU.ActiveCfg = Debug|Any CPU
		{B274BFD8-D804-4AC6-AB7E-1D72A139EC57}.Debug|Any CPU.Build.0 = Debug|Any CPU
		{B274BFD8-D804-4AC6-AB7E-1D72A139EC57}.Release|Any CPU.ActiveCfg = Release|Any CPU
		{B274BFD8-D804-4AC6-AB7E-1D72A139EC57}.Release|Any CPU.Build.0 = Release|Any CPU
	EndGlobalSection
	GlobalSection(SolutionProperties) = preSolution
		HideSolutionNode = FALSE
	EndGlobalSection
	GlobalSection(NestedProjects) = preSolution
		{46BDA1F3-D329-4E99-B22F-E6AD4385BB18} = {0F08220C-8902-4C69-BC91-C265283C1E45}
		{4C4FBF25-0DDB-4340-9C0A-D0BBD9A0FADE} = {E3322ECE-4280-4915-8E92-B88D8A7F0971}
		{89DD8995-D7A3-480E-8013-6701138AAA55} = {A7736850-1F29-4771-87D0-29B34C691A46}
		{78F592FB-6606-4DAD-919A-5046B1366224} = {D6AAD9EB-5A03-412D-9F86-C303CF964D1D}
		{A869550B-ECF8-45CC-8A11-26B464580F6F} = {74C87042-7E94-4AB7-8DB7-89A0E9C92F02}
		{E16191F8-741A-4A9D-AF34-DA54F1200430} = {37B90397-0D14-41FD-AA74-78CC19E35F02}
		{A2814A27-53C9-41D2-B472-E6BDCAF0C66B} = {FABD450F-E786-47A2-9FCE-133E31B119E0}
		{B274BFD8-D804-4AC6-AB7E-1D72A139EC57} = {E3322ECE-4280-4915-8E92-B88D8A7F0971}
	EndGlobalSection
EndGlobal
